
Microsoft Visual Studio Solution File, Format Version 12.00
# Visual Studio Version 17
VisualStudioVersion = 17.0.31903.59
MinimumVisualStudioVersion = 10.0.40219.1
Project("{FAE04EC0-301F-11D3-BF4B-00C04F79EFBC}") = "PruebaTecnica.API", "PruebaSofttek\PruebaTecnica.API.csproj", "{1F19EB05-C5B9-4562-881B-1CBD263FE880}"
EndProject
Project("{FAE04EC0-301F-11D3-BF4B-00C04F79EFBC}") = "PruebaFront", "PruebaFront\PruebaFront.csproj", "{DAF457F1-D925-4789-B1A7-3772023132E9}"
EndProject
Global
	GlobalSection(SolutionConfigurationPlatforms) = preSolution
		Debug|Any CPU = Debug|Any CPU
		Release|Any CPU = Release|Any CPU
	EndGlobalSection
	GlobalSection(SolutionProperties) = preSolution
		HideSolutionNode = FALSE
	EndGlobalSection
	GlobalSection(ProjectConfigurationPlatforms) = postSolution
		{1F19EB05-C5B9-4562-881B-1CBD263FE880}.Debug|Any CPU.ActiveCfg = Debug|Any CPU
		{1F19EB05-C5B9-4562-881B-1CBD263FE880}.Debug|Any CPU.Build.0 = Debug|Any CPU
		{1F19EB05-C5B9-4562-881B-1CBD263FE880}.Release|Any CPU.ActiveCfg = Release|Any CPU
		{1F19EB05-C5B9-4562-881B-1CBD263FE880}.Release|Any CPU.Build.0 = Release|Any CPU
		{DAF457F1-D925-4789-B1A7-3772023132E9}.Debug|Any CPU.ActiveCfg = Debug|Any CPU
		{DAF457F1-D925-4789-B1A7-3772023132E9}.Debug|Any CPU.Build.0 = Debug|Any CPU
		{DAF457F1-D925-4789-B1A7-3772023132E9}.Release|Any CPU.ActiveCfg = Release|Any CPU
		{DAF457F1-D925-4789-B1A7-3772023132E9}.Release|Any CPU.Build.0 = Release|Any CPU
	EndGlobalSection
EndGlobal
